
Microsoft Visual Studio Solution File, Format Version 12.00
# Visual Studio Version 16
VisualStudioVersion = 16.0.33027.164
MinimumVisualStudioVersion = 10.0.40219.1
Project("{8BC9CEB8-8B4A-11D0-8D11-00A0C91BC942}") = "Proxy", "OOP_Homework_13\OOP_Homework_13.vcxproj", "{186A5673-8A0C-4BDB-9CB0-F811EC6A2489}"
EndProject
Project("{8BC9CEB8-8B4A-11D0-8D11-00A0C91BC942}") = "Composite", "Composite\Composite.vcxproj", "{FAC25C51-E4CC-4D07-A6A2-798AD56A8B33}"
EndProject
Global
	GlobalSection(SolutionConfigurationPlatforms) = preSolution
		Debug|x64 = Debug|x64
		Debug|x86 = Debug|x86
		Release|x64 = Release|x64
		Release|x86 = Release|x86
	EndGlobalSection
	GlobalSection(ProjectConfigurationPlatforms) = postSolution
		{186A5673-8A0C-4BDB-9CB0-F811EC6A2489}.Debug|x64.ActiveCfg = Debug|x64
		{186A5673-8A0C-4BDB-9CB0-F811EC6A2489}.Debug|x64.Build.0 = Debug|x64
		{186A5673-8A0C-4BDB-9CB0-F811EC6A2489}.Debug|x86.ActiveCfg = Debug|Win32
		{186A5673-8A0C-4BDB-9CB0-F811EC6A2489}.Debug|x86.Build.0 = Debug|Win32
		{186A5673-8A0C-4BDB-9CB0-F811EC6A2489}.Release|x64.ActiveCfg = Release|x64
		{186A5673-8A0C-4BDB-9CB0-F811EC6A2489}.Release|x64.Build.0 = Release|x64
		{186A5673-8A0C-4BDB-9CB0-F811EC6A2489}.Release|x86.ActiveCfg = Release|Win32
		{186A5673-8A0C-4BDB-9CB0-F811EC6A2489}.Release|x86.Build.0 = Release|Win32
		{FAC25C51-E4CC-4D07-A6A2-798AD56A8B33}.Debug|x64.ActiveCfg = Debug|x64
		{FAC25C51-E4CC-4D07-A6A2-798AD56A8B33}.Debug|x64.Build.0 = Debug|x64
		{FAC25C51-E4CC-4D07-A6A2-798AD56A8B33}.Debug|x86.ActiveCfg = Debug|Win32
		{FAC25C51-E4CC-4D07-A6A2-798AD56A8B33}.Debug|x86.Build.0 = Debug|Win32
		{FAC25C51-E4CC-4D07-A6A2-798AD56A8B33}.Release|x64.ActiveCfg = Release|x64
		{FAC25C51-E4CC-4D07-A6A2-798AD56A8B33}.Release|x64.Build.0 = Release|x64
		{FAC25C51-E4CC-4D07-A6A2-798AD56A8B33}.Release|x86.ActiveCfg = Release|Win32
		{FAC25C51-E4CC-4D07-A6A2-798AD56A8B33}.Release|x86.Build.0 = Release|Win32
	EndGlobalSection
	GlobalSection(SolutionProperties) = preSolution
		HideSolutionNode = FALSE
	EndGlobalSection
	GlobalSection(ExtensibilityGlobals) = postSolution
		SolutionGuid = {0B72F723-41D9-4D11-A831-243A194B92D7}
	EndGlobalSection
EndGlobal
